
Microsoft Visual Studio Solution File, Format Version 12.00
# Visual Studio Version 17
VisualStudioVersion = 17.4.33110.190
MinimumVisualStudioVersion = 10.0.40219.1
Project("{FAE04EC0-301F-11D3-BF4B-00C04F79EFBC}") = "client_market", "client_market\client_market.csproj", "{9989CD2F-4377-4ED8-89CA-A6914E769ADD}"
EndProject
Global
	GlobalSection(SolutionConfigurationPlatforms) = preSolution
		Debug|Any CPU = Debug|Any CPU
		Release|Any CPU = Release|Any CPU
	EndGlobalSection
	GlobalSection(ProjectConfigurationPlatforms) = postSolution
		{9989CD2F-4377-4ED8-89CA-A6914E769ADD}.Debug|Any CPU.ActiveCfg = Debug|Any CPU
		{9989CD2F-4377-4ED8-89CA-A6914E769ADD}.Debug|Any CPU.Build.0 = Debug|Any CPU
		{9989CD2F-4377-4ED8-89CA-A6914E769ADD}.Release|Any CPU.ActiveCfg = Release|Any CPU
		{9989CD2F-4377-4ED8-89CA-A6914E769ADD}.Release|Any CPU.Build.0 = Release|Any CPU
	EndGlobalSection
	GlobalSection(SolutionProperties) = preSolution
		HideSolutionNode = FALSE
	EndGlobalSection
	GlobalSection(ExtensibilityGlobals) = postSolution
		SolutionGuid = {A8EC372E-009A-4DC0-A26A-002C3B38C3AA}
	EndGlobalSection
EndGlobal
